
Microsoft Visual Studio Solution File, Format Version 12.00
# Visual Studio Version 16
VisualStudioVersion = 16.0.30711.63
MinimumVisualStudioVersion = 15.0.26124.0
Project("{2150E333-8FDC-42A3-9474-1A3956D46DE8}") = "src", "src", "{20838A91-F47E-44A0-B35E-D24944051C69}"
EndProject
Project("{9A19103F-16F7-4668-BE54-9A1E7A4F7556}") = "ParseLib", "src\ParseLib\ParseLib.csproj", "{9ED7CC5E-75D4-4FD8-975C-2C2EF14355C3}"
EndProject
Project("{2150E333-8FDC-42A3-9474-1A3956D46DE8}") = "tests", "tests", "{F39C333D-A134-4427-A65F-890C6C384FE2}"
EndProject
Project("{9A19103F-16F7-4668-BE54-9A1E7A4F7556}") = "ParseLibTests", "tests\ParseLibTests\ParseLibTests.csproj", "{4AB98F90-5AB0-480A-8E8B-B73555E32FC0}"
EndProject
Project("{2150E333-8FDC-42A3-9474-1A3956D46DE8}") = "SolutionItems", "SolutionItems", "{EC6DA897-3CC4-474D-B04F-760FD17CC77E}"
	ProjectSection(SolutionItems) = preProject
		.editorconfig = .editorconfig
		.gitignore = .gitignore
		directory.build.props = directory.build.props
	EndProjectSection
EndProject
Global
	GlobalSection(SolutionConfigurationPlatforms) = preSolution
		Debug|Any CPU = Debug|Any CPU
		Debug|x64 = Debug|x64
		Debug|x86 = Debug|x86
		Release|Any CPU = Release|Any CPU
		Release|x64 = Release|x64
		Release|x86 = Release|x86
	EndGlobalSection
	GlobalSection(ProjectConfigurationPlatforms) = postSolution
		{9ED7CC5E-75D4-4FD8-975C-2C2EF14355C3}.Debug|Any CPU.ActiveCfg = Debug|Any CPU
		{9ED7CC5E-75D4-4FD8-975C-2C2EF14355C3}.Debug|Any CPU.Build.0 = Debug|Any CPU
		{9ED7CC5E-75D4-4FD8-975C-2C2EF14355C3}.Debug|x64.ActiveCfg = Debug|Any CPU
		{9ED7CC5E-75D4-4FD8-975C-2C2EF14355C3}.Debug|x64.Build.0 = Debug|Any CPU
		{9ED7CC5E-75D4-4FD8-975C-2C2EF14355C3}.Debug|x86.ActiveCfg = Debug|Any CPU
		{9ED7CC5E-75D4-4FD8-975C-2C2EF14355C3}.Debug|x86.Build.0 = Debug|Any CPU
		{9ED7CC5E-75D4-4FD8-975C-2C2EF14355C3}.Release|Any CPU.ActiveCfg = Release|Any CPU
		{9ED7CC5E-75D4-4FD8-975C-2C2EF14355C3}.Release|Any CPU.Build.0 = Release|Any CPU
		{9ED7CC5E-75D4-4FD8-975C-2C2EF14355C3}.Release|x64.ActiveCfg = Release|Any CPU
		{9ED7CC5E-75D4-4FD8-975C-2C2EF14355C3}.Release|x64.Build.0 = Release|Any CPU
		{9ED7CC5E-75D4-4FD8-975C-2C2EF14355C3}.Release|x86.ActiveCfg = Release|Any CPU
		{9ED7CC5E-75D4-4FD8-975C-2C2EF14355C3}.Release|x86.Build.0 = Release|Any CPU
		{4AB98F90-5AB0-480A-8E8B-B73555E32FC0}.Debug|Any CPU.ActiveCfg = Debug|Any CPU
		{4AB98F90-5AB0-480A-8E8B-B73555E32FC0}.Debug|Any CPU.Build.0 = Debug|Any CPU
		{4AB98F90-5AB0-480A-8E8B-B73555E32FC0}.Debug|x64.ActiveCfg = Debug|Any CPU
		{4AB98F90-5AB0-480A-8E8B-B73555E32FC0}.Debug|x64.Build.0 = Debug|Any CPU
		{4AB98F90-5AB0-480A-8E8B-B73555E32FC0}.Debug|x86.ActiveCfg = Debug|Any CPU
		{4AB98F90-5AB0-480A-8E8B-B73555E32FC0}.Debug|x86.Build.0 = Debug|Any CPU
		{4AB98F90-5AB0-480A-8E8B-B73555E32FC0}.Release|Any CPU.ActiveCfg = Release|Any CPU
		{4AB98F90-5AB0-480A-8E8B-B73555E32FC0}.Release|Any CPU.Build.0 = Release|Any CPU
		{4AB98F90-5AB0-480A-8E8B-B73555E32FC0}.Release|x64.ActiveCfg = Release|Any CPU
		{4AB98F90-5AB0-480A-8E8B-B73555E32FC0}.Release|x64.Build.0 = Release|Any CPU
		{4AB98F90-5AB0-480A-8E8B-B73555E32FC0}.Release|x86.ActiveCfg = Release|Any CPU
		{4AB98F90-5AB0-480A-8E8B-B73555E32FC0}.Release|x86.Build.0 = Release|Any CPU
	EndGlobalSection
	GlobalSection(SolutionProperties) = preSolution
		HideSolutionNode = FALSE
	EndGlobalSection
	GlobalSection(NestedProjects) = preSolution
		{9ED7CC5E-75D4-4FD8-975C-2C2EF14355C3} = {20838A91-F47E-44A0-B35E-D24944051C69}
		{4AB98F90-5AB0-480A-8E8B-B73555E32FC0} = {F39C333D-A134-4427-A65F-890C6C384FE2}
	EndGlobalSection
	GlobalSection(ExtensibilityGlobals) = postSolution
		SolutionGuid = {13A3219C-27CB-4055-B8FE-3A1F703024FF}
	EndGlobalSection
EndGlobal
